github.com/fatih/color v1.9.0 h1:8xPHl4/q1VyqGIPif1F+1V3Y3lSmrq01EabUW3CoW5s=
github.com/fatih/color v1.9.0/go.mod h1:eQcE1qtQxscV5RaZvpXrrb8Drkc3/DdQ+uUYCNjL+zU=
github.com/google/go-cmp v0.2.0 h1:+dTQ8DZQJz0Mb/HjFlkptS1FeQ4cWSnN941F8aEG4SQ=
github.com/google/go-cmp v0.2.0/go.mod h1:oXzfMopK8JAjlY9xF4vHSVASa0yLyX7SntLO5aqRK0M=
github.com/mattn/go-colorable v0.1.4 h1:snbPLB8fVfU9iwbbo30TPtbLRzwWu6aJS6Xh4eaaviA=
github.com/mattn/go-colorable v0.1.4/go.mod h1:U0ppj6V5qS13XJ6of8GYAs25YV2eR4EVcfRqFIhoBtE=
github.com/mattn/go-isatty v0.0.8/go.mod h1:Iq45c/XA43vh69/j3iqttzPXn0bhXyGjM0Hdxcsrc5s=
github.com/mattn/go-isatty v0.0.11 h1:FxPOTFNqGkuDUGi3H/qkUbQO4ZiBa2brKq5r0l8TGeM=
github.com/mattn/go-isatty v0.0.11/go.mod h1:PhnuNfih5lzO57/f3n+odYbM4JtupLOxQOAqxQCu2WE=
github.com/mdlayher/arp v0.0.0-20191213142603-f72070a231fc h1:m7rJJJeXrYCFpsxXYapkDW53wJCDmf9bsIXUg0HoeQY=
github.com/mdlayher/arp v0.0.0-20191213142603-f72070a231fc/go.mod h1:eOj1DDj3NAZ6yv+WafaKzY37MFZ58TdfIhQ+8nQbiis=
github.com/mdlayher/ethernet v0.0.0-20190313224307-5b5fc417d966 h1:O3p5UmisBhl3V6lgs4Vdfg8HpjzbWJPyOfGLdwVJSmI=
github.com/mdlayher/ethernet v0.0.0-20190313224307-5b5fc417d966/go.mod h1:5s5p/sMJ6sNsFl6uCh85lkFGV8kLuIYJCRJLavVJwvg=
github.com/mdlayher/raw v0.0.0-20190313224157-43dbcdd7739d h1:rjAS0af7FIYCScTtEU5KjIldC6qVaEScUJhABHC+ccM=
github.com/mdlayher/raw v0.0.0-20190313224157-43dbcdd7739d/go.mod h1:r1fbeITl2xL/zLbVnNHFyOzQJTgr/3fpf1lJX/cjzR8=
github.com/mostlygeek/arp v0.0.0-20170424181311-541a2129847a h1:AfneHvfmYgUIcgdUrrDFklLdEzQAvG9AKRTe1x1mx/0=
github.com/mostlygeek/arp v0.0.0-20170424181311-541a2129847a/go.mod h1:jZxafo9CAqaKFQE4zitrg5QNlA6CXUsjwXPlIppF3tk=
golang.org/x/crypto v0.0.0-20190308221718-c2843e01d9a2/go.mod h1:djNgcEr1/C05ACkg1iLfiJU5Ep61QUkGW8qpdssI0+w=
golang.org/x/net v0.0.0-20190313220215-9f648a60d977 h1:actzWV6iWn3GLqN8dZjzsB+CLt+gaV2+wsxroxiQI8I=
golang.org/x/net v0.0.0-20190313220215-9f648a60d977/go.mod h1:t9HGtf8HONx5eT2rtn7q6eTqICYqUVnKs3thJo3Qplg=
golang.org/x/sync v0.0.0-20200625203802-6e8e738ad208 h1:qwRHBd0NqMbJxfbotnDhm2ByMI1Shq4Y6oRJo21SGJA=
golang.org/x/sync v0.0.0-20200625203802-6e8e738ad208/go.mod h1:RxMgew5VJxzue5/jJTE5uejpjVlOe/izrB70Jof72aM=
golang.org/x/sys v0.0.0-20190215142949-d0b11bdaac8a/go.mod h1:STP8DvDyc/dI5b8T5hshtkjS+E42TnysNCUPdjciGhY=
golang.org/x/sys v0.0.0-20190222072716-a9d3bda3a223/go.mod h1:STP8DvDyc/dI5b8T5hshtkjS+E42TnysNCUPdjciGhY=
golang.org/x/sys v0.0.0-20190312061237-fead79001313/go.mod h1:h1NjWce9XRLGQEsW7wpKNCjG9DtNlClVuFLEZdDNbEs=
golang.org/x/sys v0.0.0-20191026070338-33540a1f6037 h1:YyJpGZS1sBuBCzLAR1VEpK193GlqGZbnPFnPV/5Rsb4=
golang.org/x/sys v0.0.0-20191026070338-33540a1f6037/go.mod h1:h1NjWce9XRLGQEsW7wpKNCjG9DtNlClVuFLEZdDNbEs=
golang.org/x/text v0.3.0/go.mod h1:NqM8EUOU14njkJ3fqMW+pc6Ldnwhi/IjpwHt7yyuwOQ=
